
Microsoft Visual Studio Solution File, Format Version 12.00
# Visual Studio Version 17
VisualStudioVersion = 17.6.33829.357
MinimumVisualStudioVersion = 10.0.40219.1
Project("{FAE04EC0-301F-11D3-BF4B-00C04F79EFBC}") = "Courses", "Courses.csproj", "{840C59AD-0D54-4044-847C-00F3451444FA}"
EndProject
Global
	GlobalSection(SolutionConfigurationPlatforms) = preSolution
		Debug|Any CPU = Debug|Any CPU
		Release|Any CPU = Release|Any CPU
	EndGlobalSection
	GlobalSection(ProjectConfigurationPlatforms) = postSolution
		{840C59AD-0D54-4044-847C-00F3451444FA}.Debug|Any CPU.ActiveCfg = Debug|Any CPU
		{840C59AD-0D54-4044-847C-00F3451444FA}.Debug|Any CPU.Build.0 = Debug|Any CPU
		{840C59AD-0D54-4044-847C-00F3451444FA}.Release|Any CPU.ActiveCfg = Release|Any CPU
		{840C59AD-0D54-4044-847C-00F3451444FA}.Release|Any CPU.Build.0 = Release|Any CPU
	EndGlobalSection
	GlobalSection(SolutionProperties) = preSolution
		HideSolutionNode = FALSE
	EndGlobalSection
	GlobalSection(ExtensibilityGlobals) = postSolution
		SolutionGuid = {CDBBF73F-CA05-496F-AA2B-3E838BBCDB9A}
	EndGlobalSection
EndGlobal
